// !$*UTF8*$!
{
	archiveVersion = 1;
	classes = {
	};
	objectVersion = 46;
	objects = {

/* Begin PBXBuildFile section */
		0718EB301EB18614000AD5D2 /* SelfieCell.swift in Sources */ = {isa = PBXBuildFile; fileRef = 0718EB2F1EB18614000AD5D2 /* SelfieCell.swift */; };
		071A5C751ECA8F32005CD0A1 /* ActivityViewController.swift in Sources */ = {isa = PBXBuildFile; fileRef = 071A5C741ECA8F32005CD0A1 /* ActivityViewController.swift */; };
		071A5C771ECA8F8B005CD0A1 /* ActivityCell.swift in Sources */ = {isa = PBXBuildFile; fileRef = 071A5C761ECA8F8B005CD0A1 /* ActivityCell.swift */; };
		071A5C791ECAAA10005CD0A1 /* Images.xcassets in Resources */ = {isa = PBXBuildFile; fileRef = 071A5C781ECAAA10005CD0A1 /* Images.xcassets */; };
		07814F471E9C688100202B3F /* AppDelegate.swift in Sources */ = {isa = PBXBuildFile; fileRef = 07814F461E9C688100202B3F /* AppDelegate.swift */; };
		07814F491E9C688100202B3F /* ViewController.swift in Sources */ = {isa = PBXBuildFile; fileRef = 07814F481E9C688100202B3F /* ViewController.swift */; };
		07814F4C1E9C688100202B3F /* Main.storyboard in Resources */ = {isa = PBXBuildFile; fileRef = 07814F4A1E9C688100202B3F /* Main.storyboard */; };
		07814F4E1E9C688100202B3F /* Assets.xcassets in Resources */ = {isa = PBXBuildFile; fileRef = 07814F4D1E9C688100202B3F /* Assets.xcassets */; };
		07814F511E9C688100202B3F /* LaunchScreen.storyboard in Resources */ = {isa = PBXBuildFile; fileRef = 07814F4F1E9C688100202B3F /* LaunchScreen.storyboard */; };
		07814F5C1E9C688100202B3F /* StackogramTests.swift in Sources */ = {isa = PBXBuildFile; fileRef = 07814F5B1E9C688100202B3F /* StackogramTests.swift */; };
		07814F671E9C688100202B3F /* StackogramUITests.swift in Sources */ = {isa = PBXBuildFile; fileRef = 07814F661E9C688100202B3F /* StackogramUITests.swift */; };
		0789B21B1EAEE7AD00AF2D01 /* FeedViewController.swift in Sources */ = {isa = PBXBuildFile; fileRef = 0789B21A1EAEE7AD00AF2D01 /* FeedViewController.swift */; };
		078D9A971EA85CAE00A87D36 /* Post.swift in Sources */ = {isa = PBXBuildFile; fileRef = 078D9A961EA85CAE00A87D36 /* Post.swift */; };
		078D9A991EA85CE900A87D36 /* User.swift in Sources */ = {isa = PBXBuildFile; fileRef = 078D9A981EA85CE900A87D36 /* User.swift */; };
		079838A61E9F22DE0052DDB6 /* ProfileViewController.swift in Sources */ = {isa = PBXBuildFile; fileRef = 079838A51E9F22DE0052DDB6 /* ProfileViewController.swift */; };
		07D7869D1EC4003400B6FD52 /* Activity.swift in Sources */ = {isa = PBXBuildFile; fileRef = 07D7869C1EC4003400B6FD52 /* Activity.swift */; };
		D6E626A74E1DC4D95E1F456F /* Pods_Stackogram.framework in Frameworks */ = {isa = PBXBuildFile; fileRef = 9C3AB393C4823F596D1CB4E2 /* Pods_Stackogram.framework */; };
/* End PBXBuildFile section */

/* Begin PBXContainerItemProxy section */
		07814F581E9C688100202B3F /* PBXContainerItemProxy */ = {
			isa = PBXContainerItemProxy;
			containerPortal = 07814F3B1E9C688100202B3F /* Project object */;
			proxyType = 1;
			remoteGlobalIDString = 07814F421E9C688100202B3F;
			remoteInfo = Stackogram;
		};
		07814F631E9C688100202B3F /* PBXContainerItemProxy */ = {
			isa = PBXContainerItemProxy;
			containerPortal = 07814F3B1E9C688100202B3F /* Project object */;
			proxyType = 1;
			remoteGlobalIDString = 07814F421E9C688100202B3F;
			remoteInfo = Stackogram;
		};
/* End PBXContainerItemProxy section */

/* Begin PBXFileReference section */
		0718EB2F1EB18614000AD5D2 /* SelfieCell.swift */ = {isa = PBXFileReference; fileEncoding = 4; lastKnownFileType = sourcecode.swift; name = SelfieCell.swift; path = ../SelfieCell.swift; sourceTree = "<group>"; };
		071A5C741ECA8F32005CD0A1 /* ActivityViewController.swift */ = {isa = PBXFileReference; fileEncoding = 4; lastKnownFileType = sourcecode.swift; name = ActivityViewController.swift; path = ../ActivityViewController.swift; sourceTree = "<group>"; };
		071A5C761ECA8F8B005CD0A1 /* ActivityCell.swift */ = {isa = PBXFileReference; fileEncoding = 4; lastKnownFileType = sourcecode.swift; path = ActivityCell.swift; sourceTree = "<group>"; };
		071A5C781ECAAA10005CD0A1 /* Images.xcassets */ = {isa = PBXFileReference; lastKnownFileType = folder.assetcatalog; path = Images.xcassets; sourceTree = "<group>"; };
		07814F431E9C688100202B3F /* Stackogram.app */ = {isa = PBXFileReference; explicitFileType = wrapper.application; includeInIndex = 0; path = Stackogram.app; sourceTree = BUILT_PRODUCTS_DIR; };
		07814F461E9C688100202B3F /* AppDelegate.swift */ = {isa = PBXFileReference; lastKnownFileType = sourcecode.swift; path = AppDelegate.swift; sourceTree = "<group>"; };
		07814F481E9C688100202B3F /* ViewController.swift */ = {isa = PBXFileReference; lastKnownFileType = sourcecode.swift; path = ViewController.swift; sourceTree = "<group>"; };
		07814F4B1E9C688100202B3F /* Base */ = {isa = PBXFileReference; lastKnownFileType = file.storyboard; name = Base; path = Base.lproj/Main.storyboard; sourceTree = "<group>"; };
		07814F4D1E9C688100202B3F /* Assets.xcassets */ = {isa = PBXFileReference; lastKnownFileType = folder.assetcatalog; path = Assets.xcassets; sourceTree = "<group>"; };
		07814F501E9C688100202B3F /* Base */ = {isa = PBXFileReference; lastKnownFileType = file.storyboard; name = Base; path = Base.lproj/LaunchScreen.storyboard; sourceTree = "<group>"; };
		07814F521E9C688100202B3F /* Info.plist */ = {isa = PBXFileReference; lastKnownFileType = text.plist.xml; path = Info.plist; sourceTree = "<group>"; };
		07814F571E9C688100202B3F /* StackogramTests.xctest */ = {isa = PBXFileReference; explicitFileType = wrapper.cfbundle; includeInIndex = 0; path = StackogramTests.xctest; sourceTree = BUILT_PRODUCTS_DIR; };
		07814F5B1E9C688100202B3F /* StackogramTests.swift */ = {isa = PBXFileReference; lastKnownFileType = sourcecode.swift; path = StackogramTests.swift; sourceTree = "<group>"; };
		07814F5D1E9C688100202B3F /* Info.plist */ = {isa = PBXFileReference; lastKnownFileType = text.plist.xml; path = Info.plist; sourceTree = "<group>"; };
		07814F621E9C688100202B3F /* StackogramUITests.xctest */ = {isa = PBXFileReference; explicitFileType = wrapper.cfbundle; includeInIndex = 0; path = StackogramUITests.xctest; sourceTree = BUILT_PRODUCTS_DIR; };
		07814F661E9C688100202B3F /* StackogramUITests.swift */ = {isa = PBXFileReference; lastKnownFileType = sourcecode.swift; path = StackogramUITests.swift; sourceTree = "<group>"; };
		07814F681E9C688100202B3F /* Info.plist */ = {isa = PBXFileReference; lastKnownFileType = text.plist.xml; path = Info.plist; sourceTree = "<group>"; };
		0789B21A1EAEE7AD00AF2D01 /* FeedViewController.swift */ = {isa = PBXFileReference; fileEncoding = 4; lastKnownFileType = sourcecode.swift; path = FeedViewController.swift; sourceTree = "<group>"; };
		078D9A961EA85CAE00A87D36 /* Post.swift */ = {isa = PBXFileReference; fileEncoding = 4; lastKnownFileType = sourcecode.swift; path = Post.swift; sourceTree = "<group>"; };
		078D9A981EA85CE900A87D36 /* User.swift */ = {isa = PBXFileReference; fileEncoding = 4; lastKnownFileType = sourcecode.swift; path = User.swift; sourceTree = "<group>"; };
		079838A51E9F22DE0052DDB6 /* ProfileViewController.swift */ = {isa = PBXFileReference; fileEncoding = 4; lastKnownFileType = sourcecode.swift; path = ProfileViewController.swift; sourceTree = "<group>"; };
		07D7869C1EC4003400B6FD52 /* Activity.swift */ = {isa = PBXFileReference; fileEncoding = 4; lastKnownFileType = sourcecode.swift; path = Activity.swift; sourceTree = "<group>"; };
		0CD73C6F34D098319D2BAF8E /* Pods-Stackogram.release.xcconfig */ = {isa = PBXFileReference; includeInIndex = 1; lastKnownFileType = text.xcconfig; name = "Pods-Stackogram.release.xcconfig"; path = "Pods/Target Support Files/Pods-Stackogram/Pods-Stackogram.release.xcconfig"; sourceTree = "<group>"; };
		9C3AB393C4823F596D1CB4E2 /* Pods_Stackogram.framework */ = {isa = PBXFileReference; explicitFileType = wrapper.framework; includeInIndex = 0; path = Pods_Stackogram.framework; sourceTree = BUILT_PRODUCTS_DIR; };
		F4ABB9D0A22153AB0DA65F29 /* Pods-Stackogram.debug.xcconfig */ = {isa = PBXFileReference; includeInIndex = 1; lastKnownFileType = text.xcconfig; name = "Pods-Stackogram.debug.xcconfig"; path = "Pods/Target Support Files/Pods-Stackogram/Pods-Stackogram.debug.xcconfig"; sourceTree = "<group>"; };
/* End PBXFileReference section */

/* Begin PBXFrameworksBuildPhase section */
		07814F401E9C688100202B3F /* Frameworks */ = {
			isa = PBXFrameworksBuildPhase;
			buildActionMask = 2147483647;
			files = (
				D6E626A74E1DC4D95E1F456F /* Pods_Stackogram.framework in Frameworks */,
			);
			runOnlyForDeploymentPostprocessing = 0;
		};
		07814F541E9C688100202B3F /* Frameworks */ = {
			isa = PBXFrameworksBuildPhase;
			buildActionMask = 2147483647;
			files = (
			);
			runOnlyForDeploymentPostprocessing = 0;
		};
		07814F5F1E9C688100202B3F /* Frameworks */ = {
			isa = PBXFrameworksBuildPhase;
			buildActionMask = 2147483647;
			files = (
			);
			runOnlyForDeploymentPostprocessing = 0;
		};
/* End PBXFrameworksBuildPhase section */

/* Begin PBXGroup section */
		07814F3A1E9C688100202B3F = {
			isa = PBXGroup;
			children = (
				07814F451E9C688100202B3F /* Stackogram */,
				07814F651E9C688100202B3F /* StackogramUITests */,
				07814F5A1E9C688100202B3F /* StackogramTests */,
				07814F441E9C688100202B3F /* Products */,
				4A874B679ABC648632F3DBEC /* Pods */,
				D7FCAACF9F6D09BB995FA56A /* Frameworks */,
			);
			sourceTree = "<group>";
			usesTabs = 0;
		};
		07814F441E9C688100202B3F /* Products */ = {
			isa = PBXGroup;
			children = (
				07814F431E9C688100202B3F /* Stackogram.app */,
				07814F571E9C688100202B3F /* StackogramTests.xctest */,
				07814F621E9C688100202B3F /* StackogramUITests.xctest */,
			);
			name = Products;
			sourceTree = "<group>";
		};
		07814F451E9C688100202B3F /* Stackogram */ = {
			isa = PBXGroup;
			children = (
				071A5C761ECA8F8B005CD0A1 /* ActivityCell.swift */,
				071A5C741ECA8F32005CD0A1 /* ActivityViewController.swift */,
				0718EB2F1EB18614000AD5D2 /* SelfieCell.swift */,
				07D7869C1EC4003400B6FD52 /* Activity.swift */,
				07814F461E9C688100202B3F /* AppDelegate.swift */,
				07814F481E9C688100202B3F /* ViewController.swift */,
				07814F4A1E9C688100202B3F /* Main.storyboard */,
				078D9A961EA85CAE00A87D36 /* Post.swift */,
				0789B21A1EAEE7AD00AF2D01 /* FeedViewController.swift */,
				078D9A981EA85CE900A87D36 /* User.swift */,
				079838A51E9F22DE0052DDB6 /* ProfileViewController.swift */,
				07814F4D1E9C688100202B3F /* Assets.xcassets */,
				07814F4F1E9C688100202B3F /* LaunchScreen.storyboard */,
				07814F521E9C688100202B3F /* Info.plist */,
				071A5C781ECAAA10005CD0A1 /* Images.xcassets */,
			);
			path = Stackogram;
			sourceTree = "<group>";
		};
		07814F5A1E9C688100202B3F /* StackogramTests */ = {
			isa = PBXGroup;
			children = (
				07814F5B1E9C688100202B3F /* StackogramTests.swift */,
				07814F5D1E9C688100202B3F /* Info.plist */,
			);
			path = StackogramTests;
			sourceTree = SOURCE_ROOT;
		};
		07814F651E9C688100202B3F /* StackogramUITests */ = {
			isa = PBXGroup;
			children = (
				07814F661E9C688100202B3F /* StackogramUITests.swift */,
				07814F681E9C688100202B3F /* Info.plist */,
			);
			path = StackogramUITests;
			sourceTree = "<group>";
		};
		4A874B679ABC648632F3DBEC /* Pods */ = {
			isa = PBXGroup;
			children = (
				F4ABB9D0A22153AB0DA65F29 /* Pods-Stackogram.debug.xcconfig */,
				0CD73C6F34D098319D2BAF8E /* Pods-Stackogram.release.xcconfig */,
			);
			name = Pods;
			sourceTree = "<group>";
		};
		D7FCAACF9F6D09BB995FA56A /* Frameworks */ = {
			isa = PBXGroup;
			children = (
				9C3AB393C4823F596D1CB4E2 /* Pods_Stackogram.framework */,
			);
			name = Frameworks;
			sourceTree = "<group>";
		};
/* End PBXGroup section */

/* Begin PBXNativeTarget section */
		07814F421E9C688100202B3F /* Stackogram */ = {
			isa = PBXNativeTarget;
			buildConfigurationList = 07814F6B1E9C688100202B3F /* Build configuration list for PBXNativeTarget "Stackogram" */;
			buildPhases = (
				766C3328D53A511AB3AB8499 /* [CP] Check Pods Manifest.lock */,
				07814F3F1E9C688100202B3F /* Sources */,
				07814F401E9C688100202B3F /* Frameworks */,
				07814F411E9C688100202B3F /* Resources */,
				07DC3144057A802FF98B43D0 /* [CP] Embed Pods Frameworks */,
				B3C75A8EB0CA86A02DF4419E /* [CP] Copy Pods Resources */,
			);
			buildRules = (
			);
			dependencies = (
			);
			name = Stackogram;
			productName = Stackogram;
			productReference = 07814F431E9C688100202B3F /* Stackogram.app */;
			productType = "com.apple.product-type.application";
		};
		07814F561E9C688100202B3F /* StackogramTests */ = {
			isa = PBXNativeTarget;
			buildConfigurationList = 07814F6E1E9C688100202B3F /* Build configuration list for PBXNativeTarget "StackogramTests" */;
			buildPhases = (
				07814F531E9C688100202B3F /* Sources */,
				07814F541E9C688100202B3F /* Frameworks */,
				07814F551E9C688100202B3F /* Resources */,
			);
			buildRules = (
			);
			dependencies = (
				07814F591E9C688100202B3F /* PBXTargetDependency */,
			);
			name = StackogramTests;
			productName = StackogramTests;
			productReference = 07814F571E9C688100202B3F /* StackogramTests.xctest */;
			productType = "com.apple.product-type.bundle.unit-test";
		};
		07814F611E9C688100202B3F /* StackogramUITests */ = {
			isa = PBXNativeTarget;
			buildConfigurationList = 07814F711E9C688100202B3F /* Build configuration list for PBXNativeTarget "StackogramUITests" */;
			buildPhases = (
				07814F5E1E9C688100202B3F /* Sources */,
				07814F5F1E9C688100202B3F /* Frameworks */,
				07814F601E9C688100202B3F /* Resources */,
			);
			buildRules = (
			);
			dependencies = (
				07814F641E9C688100202B3F /* PBXTargetDependency */,
			);
			name = StackogramUITests;
			productName = StackogramUITests;
			productReference = 07814F621E9C688100202B3F /* StackogramUITests.xctest */;
			productType = "com.apple.product-type.bundle.ui-testing";
		};
/* End PBXNativeTarget section */

/* Begin PBXProject section */
		07814F3B1E9C688100202B3F /* Project object */ = {
			isa = PBXProject;
			attributes = {
				LastSwiftUpdateCheck = 0830;
				LastUpgradeCheck = 0830;
				ORGANIZATIONNAME = lighthouselabs;
				TargetAttributes = {
					07814F421E9C688100202B3F = {
						CreatedOnToolsVersion = 8.3.1;
						ProvisioningStyle = Automatic;
					};
					07814F561E9C688100202B3F = {
						CreatedOnToolsVersion = 8.3.1;
						ProvisioningStyle = Automatic;
						TestTargetID = 07814F421E9C688100202B3F;
					};
					07814F611E9C688100202B3F = {
						CreatedOnToolsVersion = 8.3.1;
						ProvisioningStyle = Automatic;
						TestTargetID = 07814F421E9C688100202B3F;
					};
				};
			};
			buildConfigurationList = 07814F3E1E9C688100202B3F /* Build configuration list for PBXProject "Stackogram" */;
			compatibilityVersion = "Xcode 3.2";
			developmentRegion = English;
			hasScannedForEncodings = 0;
			knownRegions = (
				en,
				Base,
			);
			mainGroup = 07814F3A1E9C688100202B3F;
			productRefGroup = 07814F441E9C688100202B3F /* Products */;
			projectDirPath = "";
			projectRoot = "";
			targets = (
				07814F421E9C688100202B3F /* Stackogram */,
				07814F561E9C688100202B3F /* StackogramTests */,
				07814F611E9C688100202B3F /* StackogramUITests */,
			);
		};
/* End PBXProject section */

/* Begin PBXResourcesBuildPhase section */
		07814F411E9C688100202B3F /* Resources */ = {
			isa = PBXResourcesBuildPhase;
			buildActionMask = 2147483647;
			files = (
				07814F511E9C688100202B3F /* LaunchScreen.storyboard in Resources */,
				071A5C791ECAAA10005CD0A1 /* Images.xcassets in Resources */,
				07814F4E1E9C688100202B3F /* Assets.xcassets in Resources */,
				07814F4C1E9C688100202B3F /* Main.storyboard in Resources */,
			);
			runOnlyForDeploymentPostprocessing = 0;
		};
		07814F551E9C688100202B3F /* Resources */ = {
			isa = PBXResourcesBuildPhase;
			buildActionMask = 2147483647;
			files = (
			);
			runOnlyForDeploymentPostprocessing = 0;
		};
		07814F601E9C688100202B3F /* Resources */ = {
			isa = PBXResourcesBuildPhase;
			buildActionMask = 2147483647;
			files = (
			);
			runOnlyForDeploymentPostprocessing = 0;
		};
/* End PBXResourcesBuildPhase section */

/* Begin PBXShellScriptBuildPhase section */
		07DC3144057A802FF98B43D0 /* [CP] Embed Pods Frameworks */ = {
			isa = PBXShellScriptBuildPhase;
			buildActionMask = 2147483647;
			files = (
			);
			inputPaths = (
			);
			name = "[CP] Embed Pods Frameworks";
			outputPaths = (
			);
			runOnlyForDeploymentPostprocessing = 0;
			shellPath = /bin/sh;
			shellScript = "\"${SRCROOT}/Pods/Target Support Files/Pods-Stackogram/Pods-Stackogram-frameworks.sh\"\n";
			showEnvVarsInLog = 0;
		};
		766C3328D53A511AB3AB8499 /* [CP] Check Pods Manifest.lock */ = {
			isa = PBXShellScriptBuildPhase;
			buildActionMask = 2147483647;
			files = (
			);
			inputPaths = (
			);
			name = "[CP] Check Pods Manifest.lock";
			outputPaths = (
			);
			runOnlyForDeploymentPostprocessing = 0;
			shellPath = /bin/sh;
			shellScript = "diff \"${PODS_ROOT}/../Podfile.lock\" \"${PODS_ROOT}/Manifest.lock\" > /dev/null\nif [ $? != 0 ] ; then\n    # print error to STDERR\n    echo \"error: The sandbox is not in sync with the Podfile.lock. Run 'pod install' or update your CocoaPods installation.\" >&2\n    exit 1\nfi\n";
			showEnvVarsInLog = 0;
		};
		B3C75A8EB0CA86A02DF4419E /* [CP] Copy Pods Resources */ = {
			isa = PBXShellScriptBuildPhase;
			buildActionMask = 2147483647;
			files = (
			);
			inputPaths = (
			);
			name = "[CP] Copy Pods Resources";
			outputPaths = (
			);
			runOnlyForDeploymentPostprocessing = 0;
			shellPath = /bin/sh;
			shellScript = "\"${SRCROOT}/Pods/Target Support Files/Pods-Stackogram/Pods-Stackogram-resources.sh\"\n";
			showEnvVarsInLog = 0;
		};
/* End PBXShellScriptBuildPhase section */

/* Begin PBXSourcesBuildPhase section */
		07814F3F1E9C688100202B3F /* Sources */ = {
			isa = PBXSourcesBuildPhase;
			buildActionMask = 2147483647;
			files = (
				079838A61E9F22DE0052DDB6 /* ProfileViewController.swift in Sources */,
				07814F491E9C688100202B3F /* ViewController.swift in Sources */,
				071A5C771ECA8F8B005CD0A1 /* ActivityCell.swift in Sources */,
				0718EB301EB18614000AD5D2 /* SelfieCell.swift in Sources */,
				07814F471E9C688100202B3F /* AppDelegate.swift in Sources */,
				071A5C751ECA8F32005CD0A1 /* ActivityViewController.swift in Sources */,
				078D9A991EA85CE900A87D36 /* User.swift in Sources */,
				0789B21B1EAEE7AD00AF2D01 /* FeedViewController.swift in Sources */,
				07D7869D1EC4003400B6FD52 /* Activity.swift in Sources */,
				078D9A971EA85CAE00A87D36 /* Post.swift in Sources */,
			);
			runOnlyForDeploymentPostprocessing = 0;
		};
		07814F531E9C688100202B3F /* Sources */ = {
			isa = PBXSourcesBuildPhase;
			buildActionMask = 2147483647;
			files = (
				07814F5C1E9C688100202B3F /* StackogramTests.swift in Sources */,
			);
			runOnlyForDeploymentPostprocessing = 0;
		};
		07814F5E1E9C688100202B3F /* Sources */ = {
			isa = PBXSourcesBuildPhase;
			buildActionMask = 2147483647;
			files = (
				07814F671E9C688100202B3F /* StackogramUITests.swift in Sources */,
			);
			runOnlyForDeploymentPostprocessing = 0;
		};
/* End PBXSourcesBuildPhase section */

/* Begin PBXTargetDependency section */
		07814F591E9C688100202B3F /* PBXTargetDependency */ = {
			isa = PBXTargetDependency;
			target = 07814F421E9C688100202B3F /* Stackogram */;
			targetProxy = 07814F581E9C688100202B3F /* PBXContainerItemProxy */;
		};
		07814F641E9C688100202B3F /* PBXTargetDependency */ = {
			isa = PBXTargetDependency;
			target = 07814F421E9C688100202B3F /* Stackogram */;
			targetProxy = 07814F631E9C688100202B3F /* PBXContainerItemProxy */;
		};
/* End PBXTargetDependency section */

/* Begin PBXVariantGroup section */
		07814F4A1E9C688100202B3F /* Main.storyboard */ = {
			isa = PBXVariantGroup;
			children = (
				07814F4B1E9C688100202B3F /* Base */,
			);
			name = Main.storyboard;
			sourceTree = "<group>";
		};
		07814F4F1E9C688100202B3F /* LaunchScreen.storyboard */ = {
			isa = PBXVariantGroup;
			children = (
				07814F501E9C688100202B3F /* Base */,
			);
			name = LaunchScreen.storyboard;
			sourceTree = "<group>";
		};
/* End PBXVariantGroup section */

/* Begin XCBuildConfiguration section */
		07814F691E9C688100202B3F /* Debug */ = {
			isa = XCBuildConfiguration;
			buildSettings = {
				ALWAYS_SEARCH_USER_PATHS = NO;
				CLANG_ANALYZER_NONNULL = YES;
				CLANG_ANALYZER_NUMBER_OBJECT_CONVERSION = YES_AGGRESSIVE;
				CLANG_CXX_LANGUAGE_STANDARD = "gnu++0x";
				CLANG_CXX_LIBRARY = "libc++";
				CLANG_ENABLE_MODULES = YES;
				CLANG_ENABLE_OBJC_ARC = YES;
				CLANG_WARN_BOOL_CONVERSION = YES;
				CLANG_WARN_CONSTANT_CONVERSION = YES;
				CLANG_WARN_DIRECT_OBJC_ISA_USAGE = YES_ERROR;
				CLANG_WARN_DOCUMENTATION_COMMENTS = YES;
				CLANG_WARN_EMPTY_BODY = YES;
				CLANG_WARN_ENUM_CONVERSION = YES;
				CLANG_WARN_INFINITE_RECURSION = YES;
				CLANG_WARN_INT_CONVERSION = YES;
				CLANG_WARN_OBJC_ROOT_CLASS = YES_ERROR;
				CLANG_WARN_SUSPICIOUS_MOVE = YES;
				CLANG_WARN_UNREACHABLE_CODE = YES;
				CLANG_WARN__DUPLICATE_METHOD_MATCH = YES;
				"CODE_SIGN_IDENTITY[sdk=iphoneos*]" = "iPhone Developer";
				COPY_PHASE_STRIP = NO;
				DEBUG_INFORMATION_FORMAT = dwarf;
				ENABLE_STRICT_OBJC_MSGSEND = YES;
				ENABLE_TESTABILITY = YES;
				GCC_C_LANGUAGE_STANDARD = gnu99;
				GCC_DYNAMIC_NO_PIC = NO;
				GCC_NO_COMMON_BLOCKS = YES;
				GCC_OPTIMIZATION_LEVEL = 0;
				GCC_PREPROCESSOR_DEFINITIONS = (
					"DEBUG=1",
					"$(inherited)",
				);
				GCC_WARN_64_TO_32_BIT_CONVERSION = YES;
				GCC_WARN_ABOUT_RETURN_TYPE = YES_ERROR;
				GCC_WARN_UNDECLARED_SELECTOR = YES;
				GCC_WARN_UNINITIALIZED_AUTOS = YES_AGGRESSIVE;
				GCC_WARN_UNUSED_FUNCTION = YES;
				GCC_WARN_UNUSED_VARIABLE = YES;
				IPHONEOS_DEPLOYMENT_TARGET = 10.3;
				MTL_ENABLE_DEBUG_INFO = YES;
				ONLY_ACTIVE_ARCH = YES;
				SDKROOT = iphoneos;
				SWIFT_ACTIVE_COMPILATION_CONDITIONS = DEBUG;
				SWIFT_OPTIMIZATION_LEVEL = "-Onone";
			};
			name = Debug;
		};
		07814F6A1E9C688100202B3F /* Release */ = {
			isa = XCBuildConfiguration;
			buildSettings = {
				ALWAYS_SEARCH_USER_PATHS = NO;
				CLANG_ANALYZER_NONNULL = YES;
				CLANG_ANALYZER_NUMBER_OBJECT_CONVERSION = YES_AGGRESSIVE;
				CLANG_CXX_LANGUAGE_STANDARD = "gnu++0x";
				CLANG_CXX_LIBRARY = "libc++";
				CLANG_ENABLE_MODULES = YES;
				CLANG_ENABLE_OBJC_ARC = YES;
				CLANG_WARN_BOOL_CONVERSION = YES;
				CLANG_WARN_CONSTANT_CONVERSION = YES;
				CLANG_WARN_DIRECT_OBJC_ISA_USAGE = YES_ERROR;
				CLANG_WARN_DOCUMENTATION_COMMENTS = YES;
				CLANG_WARN_EMPTY_BODY = YES;
				CLANG_WARN_ENUM_CONVERSION = YES;
				CLANG_WARN_INFINITE_RECURSION = YES;
				CLANG_WARN_INT_CONVERSION = YES;
				CLANG_WARN_OBJC_ROOT_CLASS = YES_ERROR;
				CLANG_WARN_SUSPICIOUS_MOVE = YES;
				CLANG_WARN_UNREACHABLE_CODE = YES;
				CLANG_WARN__DUPLICATE_METHOD_MATCH = YES;
				"CODE_SIGN_IDENTITY[sdk=iphoneos*]" = "iPhone Developer";
				COPY_PHASE_STRIP = NO;
				DEBUG_INFORMATION_FORMAT = "dwarf-with-dsym";
				ENABLE_NS_ASSERTIONS = NO;
				ENABLE_STRICT_OBJC_MSGSEND = YES;
				GCC_C_LANGUAGE_STANDARD = gnu99;
				GCC_NO_COMMON_BLOCKS = YES;
				GCC_WARN_64_TO_32_BIT_CONVERSION = YES;
				GCC_WARN_ABOUT_RETURN_TYPE = YES_ERROR;
				GCC_WARN_UNDECLARED_SELECTOR = YES;
				GCC_WARN_UNINITIALIZED_AUTOS = YES_AGGRESSIVE;
				GCC_WARN_UNUSED_FUNCTION = YES;
				GCC_WARN_UNUSED_VARIABLE = YES;
				IPHONEOS_DEPLOYMENT_TARGET = 10.3;
				MTL_ENABLE_DEBUG_INFO = NO;
				SDKROOT = iphoneos;
				SWIFT_OPTIMIZATION_LEVEL = "-Owholemodule";
				VALIDATE_PRODUCT = YES;
			};
			name = Release;
		};
		07814F6C1E9C688100202B3F /* Debug */ = {
			isa = XCBuildConfiguration;
			baseConfigurationReference = F4ABB9D0A22153AB0DA65F29 /* Pods-Stackogram.debug.xcconfig */;
			buildSettings = {
				ASSETCATALOG_COMPILER_APPICON_NAME = AppIcon;
				INFOPLIST_FILE = Stackogram/Info.plist;
				LD_RUNPATH_SEARCH_PATHS = "$(inherited) @executable_path/Frameworks";
				PRODUCT_BUNDLE_IDENTIFIER = "emaG-ekunruB.Stackogram";
				PRODUCT_NAME = "$(TARGET_NAME)";
				SWIFT_VERSION = 3.0;
			};
			name = Debug;
		};
		07814F6D1E9C688100202B3F /* Release */ = {
			isa = XCBuildConfiguration;
			baseConfigurationReference = 0CD73C6F34D098319D2BAF8E /* Pods-Stackogram.release.xcconfig */;
			buildSettings = {
				ASSETCATALOG_COMPILER_APPICON_NAME = AppIcon;
				INFOPLIST_FILE = Stackogram/Info.plist;
				LD_RUNPATH_SEARCH_PATHS = "$(inherited) @executable_path/Frameworks";
				PRODUCT_BUNDLE_IDENTIFIER = "emaG-ekunruB.Stackogram";
				PRODUCT_NAME = "$(TARGET_NAME)";
				SWIFT_VERSION = 3.0;
			};
			name = Release;
		};
		07814F6F1E9C688100202B3F /* Debug */ = {
			isa = XCBuildConfiguration;
			buildSettings = {
				ALWAYS_EMBED_SWIFT_STANDARD_LIBRARIES = YES;
				BUNDLE_LOADER = "$(TEST_HOST)";
				INFOPLIST_FILE = StackogramTests/Info.plist;
				LD_RUNPATH_SEARCH_PATHS = "$(inherited) @executable_path/Frameworks @loader_path/Frameworks";
				PRODUCT_BUNDLE_IDENTIFIER = "emaG-ekunruB.StackogramTests";
				PRODUCT_NAME = "$(TARGET_NAME)";
				SWIFT_VERSION = 3.0;
				TEST_HOST = "$(BUILT_PRODUCTS_DIR)/Stackogram.app/Stackogram";
			};
			name = Debug;
		};
		07814F701E9C688100202B3F /* Release */ = {
			isa = XCBuildConfiguration;
			buildSettings = {
				ALWAYS_EMBED_SWIFT_STANDARD_LIBRARIES = YES;
				BUNDLE_LOADER = "$(TEST_HOST)";
				INFOPLIST_FILE = StackogramTests/Info.plist;
				LD_RUNPATH_SEARCH_PATHS = "$(inherited) @executable_path/Frameworks @loader_path/Frameworks";
				PRODUCT_BUNDLE_IDENTIFIER = "emaG-ekunruB.StackogramTests";
				PRODUCT_NAME = "$(TARGET_NAME)";
				SWIFT_VERSION = 3.0;
				TEST_HOST = "$(BUILT_PRODUCTS_DIR)/Stackogram.app/Stackogram";
			};
			name = Release;
		};
		07814F721E9C688100202B3F /* Debug */ = {
			isa = XCBuildConfiguration;
			buildSettings = {
				ALWAYS_EMBED_SWIFT_STANDARD_LIBRARIES = YES;
				INFOPLIST_FILE = StackogramUITests/Info.plist;
				LD_RUNPATH_SEARCH_PATHS = "$(inherited) @executable_path/Frameworks @loader_path/Frameworks";
				PRODUCT_BUNDLE_IDENTIFIER = "emaG-ekunruB.StackogramUITests";
				PRODUCT_NAME = "$(TARGET_NAME)";
				SWIFT_VERSION = 3.0;
				TEST_TARGET_NAME = Stackogram;
			};
			name = Debug;
		};
		07814F731E9C688100202B3F /* Release */ = {
			isa = XCBuildConfiguration;
			buildSettings = {
				ALWAYS_EMBED_SWIFT_STANDARD_LIBRARIES = YES;
				INFOPLIST_FILE = StackogramUITests/Info.plist;
				LD_RUNPATH_SEARCH_PATHS = "$(inherited) @executable_path/Frameworks @loader_path/Frameworks";
				PRODUCT_BUNDLE_IDENTIFIER = "emaG-ekunruB.StackogramUITests";
				PRODUCT_NAME = "$(TARGET_NAME)";
				SWIFT_VERSION = 3.0;
				TEST_TARGET_NAME = Stackogram;
			};
			name = Release;
		};
/* End XCBuildConfiguration section */

/* Begin XCConfigurationList section */
		07814F3E1E9C688100202B3F /* Build configuration list for PBXProject "Stackogram" */ = {
			isa = XCConfigurationList;
			buildConfigurations = (
				07814F691E9C688100202B3F /* Debug */,
				07814F6A1E9C688100202B3F /* Release */,
			);
			defaultConfigurationIsVisible = 0;
			defaultConfigurationName = Release;
		};
		07814F6B1E9C688100202B3F /* Build configuration list for PBXNativeTarget "Stackogram" */ = {
			isa = XCConfigurationList;
			buildConfigurations = (
				07814F6C1E9C688100202B3F /* Debug */,
				07814F6D1E9C688100202B3F /* Release */,
			);
			defaultConfigurationIsVisible = 0;
			defaultConfigurationName = Release;
		};
		07814F6E1E9C688100202B3F /* Build configuration list for PBXNativeTarget "StackogramTests" */ = {
			isa = XCConfigurationList;
			buildConfigurations = (
				07814F6F1E9C688100202B3F /* Debug */,
				07814F701E9C688100202B3F /* Release */,
			);
			defaultConfigurationIsVisible = 0;
			defaultConfigurationName = Release;
		};
		07814F711E9C688100202B3F /* Build configuration list for PBXNativeTarget "StackogramUITests" */ = {
			isa = XCConfigurationList;
			buildConfigurations = (
				07814F721E9C688100202B3F /* Debug */,
				07814F731E9C688100202B3F /* Release */,
			);
			defaultConfigurationIsVisible = 0;
			defaultConfigurationName = Release;
		};
/* End XCConfigurationList section */
	};
	rootObject = 07814F3B1E9C688100202B3F /* Project object */;
}
